# THIS IS AN AUTOGENERATED FILE. DO NOT EDIT THIS FILE DIRECTLY.
# yarn lockfile v1


"@babel/helper-validator-identifier@^7.10.4":
  version "7.10.4"
  resolved "https://registry.npm.taobao.org/@babel/helper-validator-identifier/download/@babel/helper-validator-identifier-7.10.4.tgz?cache=0&sync_timestamp=1593521083613&other_urls=https%3A%2F%2Fregistry.npm.taobao.org%2F%40babel%2Fhelper-validator-identifier%2Fdownload%2F%40babel%2Fhelper-validator-identifier-7.10.4.tgz#a78c7a7251e01f616512d31b10adcf52ada5e0d2"
  integrity sha1-p4x6clHgH2FlEtMbEK3PUq2l4NI=

"@babel/parser@^7.10.4":
  version "7.10.5"
  resolved "https://registry.npm.taobao.org/@babel/parser/download/@babel/parser-7.10.5.tgz?cache=0&sync_timestamp=1594750823758&other_urls=https%3A%2F%2Fregistry.npm.taobao.org%2F%40babel%2Fparser%2Fdownload%2F%40babel%2Fparser-7.10.5.tgz#e7c6bf5a7deff957cec9f04b551e2762909d826b"
  integrity sha1-58a/Wn3v+VfOyfBLVR4nYpCdgms=

"@babel/types@^7.10.4":
  version "7.10.5"
  resolved "https://registry.npm.taobao.org/@babel/types/download/@babel/types-7.10.5.tgz?cache=0&other_urls=https%3A%2F%2Fregistry.npm.taobao.org%2F%40babel%2Ftypes%2Fdownload%2F%40babel%2Ftypes-7.10.5.tgz#d88ae7e2fde86bfbfe851d4d81afa70a997b5d15"
  integrity sha1-2Irn4v3oa/v+hR1Nga+nCpl7XRU=
  dependencies:
    "@babel/helper-validator-identifier" "^7.10.4"
    lodash "^4.17.19"
    to-fast-properties "^2.0.0"

"@vitejs/plugin-vue@^1.1.0":
  version "1.1.0"
  resolved "https://registry.npm.taobao.org/@vitejs/plugin-vue/download/@vitejs/plugin-vue-1.1.0.tgz#8ae0b11388897b07259c9e5198c0e3fb5e4b37d9"
  integrity sha1-iuCxE4iJewclnJ5RmMDj+15LN9k=

"@vue/compiler-core@3.0.0-rc.5":
  version "3.0.0-rc.5"
  resolved "https://registry.npm.taobao.org/@vue/compiler-core/download/@vue/compiler-core-3.0.0-rc.5.tgz?cache=0&sync_timestamp=1595985153463&other_urls=https%3A%2F%2Fregistry.npm.taobao.org%2F%40vue%2Fcompiler-core%2Fdownload%2F%40vue%2Fcompiler-core-3.0.0-rc.5.tgz#dd4f1816fcae34a81bc60e584f97993cad284d54"
  integrity sha1-3U8YFvyuNKgbxg5YT5eZPK0oTVQ=
  dependencies:
    "@babel/parser" "^7.10.4"
    "@babel/types" "^7.10.4"
    "@vue/shared" "3.0.0-rc.5"
    estree-walker "^2.0.1"
    source-map "^0.6.1"

"@vue/compiler-dom@3.0.0-rc.5":
  version "3.0.0-rc.5"
  resolved "https://registry.npm.taobao.org/@vue/compiler-dom/download/@vue/compiler-dom-3.0.0-rc.5.tgz?cache=0&sync_timestamp=1595985152508&other_urls=https%3A%2F%2Fregistry.npm.taobao.org%2F%40vue%2Fcompiler-dom%2Fdownload%2F%40vue%2Fcompiler-dom-3.0.0-rc.5.tgz#83905e8601123a3654b90fbd80708a16530ce21a"
  integrity sha1-g5BehgESOjZUuQ+9gHCKFlMM4ho=
  dependencies:
    "@vue/compiler-core" "3.0.0-rc.5"
    "@vue/shared" "3.0.0-rc.5"

"@vue/compiler-sfc@^3.0.0-rc.5":
  version "3.0.0-rc.5"
  resolved "https://registry.npm.taobao.org/@vue/compiler-sfc/download/@vue/compiler-sfc-3.0.0-rc.5.tgz?cache=0&sync_timestamp=1595985044175&other_urls=https%3A%2F%2Fregistry.npm.taobao.org%2F%40vue%2Fcompiler-sfc%2Fdownload%2F%40vue%2Fcompiler-sfc-3.0.0-rc.5.tgz#374e52a6fbf8fb9aee1213026050a0f1c496fecf"
  integrity sha1-N05Spvv4+5ruEhMCYFCg8cSW/s8=
  dependencies:
    "@babel/parser" "^7.10.4"
    "@babel/types" "^7.10.4"
    "@vue/compiler-core" "3.0.0-rc.5"
    "@vue/compiler-dom" "3.0.0-rc.5"
    "@vue/compiler-ssr" "3.0.0-rc.5"
    "@vue/shared" "3.0.0-rc.5"
    consolidate "^0.15.1"
    estree-walker "^2.0.1"
    hash-sum "^2.0.0"
    lru-cache "^5.1.1"
    magic-string "^0.25.7"
    merge-source-map "^1.1.0"
    postcss "^7.0.27"
    postcss-modules "^3.1.0"
    postcss-selector-parser "^6.0.2"
    source-map "^0.6.1"

"@vue/compiler-ssr@3.0.0-rc.5":
  version "3.0.0-rc.5"
  resolved "https://registry.npm.taobao.org/@vue/compiler-ssr/download/@vue/compiler-ssr-3.0.0-rc.5.tgz?cache=0&sync_timestamp=1595985044376&other_urls=https%3A%2F%2Fregistry.npm.taobao.org%2F%40vue%2Fcompiler-ssr%2Fdownload%2F%40vue%2Fcompiler-ssr-3.0.0-rc.5.tgz#878406c59daff362ecdcb199fb9467a769ca8de5"
  integrity sha1-h4QGxZ2v82Ls3LGZ+5Rnp2nKjeU=
  dependencies:
    "@vue/compiler-dom" "3.0.0-rc.5"
    "@vue/shared" "3.0.0-rc.5"

"@vue/reactivity@3.0.0-rc.5":
  version "3.0.0-rc.5"
  resolved "https://registry.npm.taobao.org/@vue/reactivity/download/@vue/reactivity-3.0.0-rc.5.tgz?cache=0&sync_timestamp=1595985154146&other_urls=https%3A%2F%2Fregistry.npm.taobao.org%2F%40vue%2Freactivity%2Fdownload%2F%40vue%2Freactivity-3.0.0-rc.5.tgz#45cff8d839d7ad130b1e499239090050fdecff13"
  integrity sha1-Rc/42DnXrRMLHkmSOQkAUP3s/xM=
  dependencies:
    "@vue/shared" "3.0.0-rc.5"

"@vue/runtime-core@3.0.0-rc.5":
  version "3.0.0-rc.5"
  resolved "https://registry.npm.taobao.org/@vue/runtime-core/download/@vue/runtime-core-3.0.0-rc.5.tgz?cache=0&sync_timestamp=1595985153766&other_urls=https%3A%2F%2Fregistry.npm.taobao.org%2F%40vue%2Fruntime-core%2Fdownload%2F%40vue%2Fruntime-core-3.0.0-rc.5.tgz#dd59af3a5fc089d1cdc05a657320c0dc17e5c362"
  integrity sha1-3VmvOl/AidHNwFplcyDA3Bflw2I=
  dependencies:
    "@vue/reactivity" "3.0.0-rc.5"
    "@vue/shared" "3.0.0-rc.5"

"@vue/runtime-dom@3.0.0-rc.5":
  version "3.0.0-rc.5"
  resolved "https://registry.npm.taobao.org/@vue/runtime-dom/download/@vue/runtime-dom-3.0.0-rc.5.tgz?cache=0&sync_timestamp=1595985153167&other_urls=https%3A%2F%2Fregistry.npm.taobao.org%2F%40vue%2Fruntime-dom%2Fdownload%2F%40vue%2Fruntime-dom-3.0.0-rc.5.tgz#2fd75a1f29b23abf0ffe5ccdedabda11721c5b5b"
  integrity sha1-L9daHymyOr8P/lzN7avaEXIcW1s=
  dependencies:
    "@vue/runtime-core" "3.0.0-rc.5"
    "@vue/shared" "3.0.0-rc.5"
    csstype "^2.6.8"

"@vue/shared@3.0.0-rc.5":
  version "3.0.0-rc.5"
  resolved "https://registry.npm.taobao.org/@vue/shared/download/@vue/shared-3.0.0-rc.5.tgz?cache=0&sync_timestamp=1595985152851&other_urls=https%3A%2F%2Fregistry.npm.taobao.org%2F%40vue%2Fshared%2Fdownload%2F%40vue%2Fshared-3.0.0-rc.5.tgz#cea2378e3e37363ddc1f5dd158edc9c9b5b3fff0"
  integrity sha1-zqI3jj43Nj3cH13RWO3JybWz//A=

ansi-styles@^3.2.1:
  version "3.2.1"
  resolved "https://registry.npm.taobao.org/ansi-styles/download/ansi-styles-3.2.1.tgz?cache=0&sync_timestamp=1589682811931&other_urls=https%3A%2F%2Fregistry.npm.taobao.org%2Fansi-styles%2Fdownload%2Fansi-styles-3.2.1.tgz#41fbb20243e50b12be0f04b8dedbf07520ce841d"
  integrity sha1-QfuyAkPlCxK+DwS43tvwdSDOhB0=
  dependencies:
    color-convert "^1.9.0"

big.js@^5.2.2:
  version "5.2.2"
  resolved "https://registry.npm.taobao.org/big.js/download/big.js-5.2.2.tgz#65f0af382f578bcdc742bd9c281e9cb2d7768328"
  integrity sha1-ZfCvOC9Xi83HQr2cKB6cstd2gyg=

bluebird@^3.1.1:
  version "3.7.2"
  resolved "https://registry.npm.taobao.org/bluebird/download/bluebird-3.7.2.tgz?cache=0&sync_timestamp=1589682744631&other_urls=https%3A%2F%2Fregistry.npm.taobao.org%2Fbluebird%2Fdownload%2Fbluebird-3.7.2.tgz#9f229c15be272454ffa973ace0dbee79a1b0c36f"
  integrity sha1-nyKcFb4nJFT/qXOs4NvueaGww28=

chalk@^2.4.2:
  version "2.4.2"
  resolved "https://registry.npm.taobao.org/chalk/download/chalk-2.4.2.tgz#cd42541677a54333cf541a49108c1432b44c9424"
  integrity sha1-zUJUFnelQzPPVBpJEIwUMrRMlCQ=
  dependencies:
    ansi-styles "^3.2.1"
    escape-string-regexp "^1.0.5"
    supports-color "^5.3.0"

color-convert@^1.9.0:
  version "1.9.3"
  resolved "https://registry.npm.taobao.org/color-convert/download/color-convert-1.9.3.tgz#bb71850690e1f136567de629d2d5471deda4c1e8"
  integrity sha1-u3GFBpDh8TZWfeYp0tVHHe2kweg=
  dependencies:
    color-name "1.1.3"

color-name@1.1.3:
  version "1.1.3"
  resolved "https://registry.npm.taobao.org/color-name/download/color-name-1.1.3.tgz#a7d0558bd89c42f795dd42328f740831ca53bc25"
  integrity sha1-p9BVi9icQveV3UIyj3QIMcpTvCU=

colorette@^1.2.1:
  version "1.2.1"
  resolved "https://registry.npm.taobao.org/colorette/download/colorette-1.2.1.tgz?cache=0&sync_timestamp=1593955763917&other_urls=https%3A%2F%2Fregistry.npm.taobao.org%2Fcolorette%2Fdownload%2Fcolorette-1.2.1.tgz#4d0b921325c14faf92633086a536db6e89564b1b"
  integrity sha1-TQuSEyXBT6+SYzCGpTbbbolWSxs=

consolidate@^0.15.1:
  version "0.15.1"
  resolved "https://registry.npm.taobao.org/consolidate/download/consolidate-0.15.1.tgz#21ab043235c71a07d45d9aad98593b0dba56bab7"
  integrity sha1-IasEMjXHGgfUXZqtmFk7DbpWurc=
  dependencies:
    bluebird "^3.1.1"

cssesc@^3.0.0:
  version "3.0.0"
  resolved "https://registry.npm.taobao.org/cssesc/download/cssesc-3.0.0.tgz#37741919903b868565e1c09ea747445cd18983ee"
  integrity sha1-N3QZGZA7hoVl4cCep0dEXNGJg+4=

csstype@^2.6.8:
  version "2.6.11"
  resolved "https://registry.npm.taobao.org/csstype/download/csstype-2.6.11.tgz?cache=0&sync_timestamp=1593601516641&other_urls=https%3A%2F%2Fregistry.npm.taobao.org%2Fcsstype%2Fdownload%2Fcsstype-2.6.11.tgz#452f4d024149ecf260a852b025e36562a253ffc5"
  integrity sha1-RS9NAkFJ7PJgqFKwJeNlYqJT/8U=

emojis-list@^3.0.0:
  version "3.0.0"
  resolved "https://registry.npm.taobao.org/emojis-list/download/emojis-list-3.0.0.tgz#5570662046ad29e2e916e71aae260abdff4f6a78"
  integrity sha1-VXBmIEatKeLpFucariYKvf9Pang=

errno@^0.1.1:
  version "0.1.7"
  resolved "https://registry.npm.taobao.org/errno/download/errno-0.1.7.tgz#4684d71779ad39af177e3f007996f7c67c852618"
  integrity sha1-RoTXF3mtOa8Xfj8AeZb3xnyFJhg=
  dependencies:
    prr "~1.0.1"

esbuild@^0.8.26:
  version "0.8.33"
  resolved "https://registry.npm.taobao.org/esbuild/download/esbuild-0.8.33.tgz?cache=0&other_urls=https%3A%2F%2Fregistry.npm.taobao.org%2Fesbuild%2Fdownload%2Fesbuild-0.8.33.tgz#4e24ab4e780b08ff5527171bf5a684594c8b56e9"
  integrity sha1-TiSrTngLCP9VJxcb9aaEWUyLVuk=

escape-string-regexp@^1.0.5:
  version "1.0.5"
  resolved "https://registry.npm.taobao.org/escape-string-regexp/download/escape-string-regexp-1.0.5.tgz#1b61c0562190a8dff6ae3bb2cf0200ca130b86d4"
  integrity sha1-G2HAViGQqN/2rjuyzwIAyhMLhtQ=

estree-walker@^2.0.1:
  version "2.0.1"
  resolved "https://registry.npm.taobao.org/estree-walker/download/estree-walker-2.0.1.tgz#f8e030fb21cefa183b44b7ad516b747434e7a3e0"
  integrity sha1-+OAw+yHO+hg7RLetUWt0dDTno+A=

fsevents@~2.1.2:
  version "2.1.3"
  resolved "https://registry.npm.taobao.org/fsevents/download/fsevents-2.1.3.tgz#fb738703ae8d2f9fe900c33836ddebee8b97f23e"
  integrity sha1-+3OHA66NL5/pAMM4Nt3r7ouX8j4=

function-bind@^1.1.1:
  version "1.1.1"
  resolved "https://registry.npm.taobao.org/function-bind/download/function-bind-1.1.1.tgz#a56899d3ea3c9bab874bb9773b7c5ede92f4895d"
  integrity sha1-pWiZ0+o8m6uHS7l3O3xe3pL0iV0=

generic-names@^2.0.1:
  version "2.0.1"
  resolved "https://registry.npm.taobao.org/generic-names/download/generic-names-2.0.1.tgz#f8a378ead2ccaa7a34f0317b05554832ae41b872"
  integrity sha1-+KN46tLMqno08DF7BVVIMq5BuHI=
  dependencies:
    loader-utils "^1.1.0"

graceful-fs@^4.1.2:
  version "4.2.4"
  resolved "https://registry.npm.taobao.org/graceful-fs/download/graceful-fs-4.2.4.tgz?cache=0&sync_timestamp=1589682809142&other_urls=https%3A%2F%2Fregistry.npm.taobao.org%2Fgraceful-fs%2Fdownload%2Fgraceful-fs-4.2.4.tgz#2256bde14d3632958c465ebc96dc467ca07a29fb"
  integrity sha1-Ila94U02MpWMRl68ltxGfKB6Kfs=

has-flag@^3.0.0:
  version "3.0.0"
  resolved "https://registry.npm.taobao.org/has-flag/download/has-flag-3.0.0.tgz#b5d454dc2199ae225699f3467e5a07f3b955bafd"
  integrity sha1-tdRU3CGZriJWmfNGfloH87lVuv0=

has@^1.0.3:
  version "1.0.3"
  resolved "https://registry.npm.taobao.org/has/download/has-1.0.3.tgz#722d7cbfc1f6aa8241f16dd814e011e1f41e8796"
  integrity sha1-ci18v8H2qoJB8W3YFOAR4fQeh5Y=
  dependencies:
    function-bind "^1.1.1"

hash-sum@^2.0.0:
  version "2.0.0"
  resolved "https://registry.npm.taobao.org/hash-sum/download/hash-sum-2.0.0.tgz#81d01bb5de8ea4a214ad5d6ead1b523460b0b45a"
  integrity sha1-gdAbtd6OpKIUrV1urRtSNGCwtFo=

icss-replace-symbols@^1.1.0:
  version "1.1.0"
  resolved "https://registry.npm.taobao.org/icss-replace-symbols/download/icss-replace-symbols-1.1.0.tgz#06ea6f83679a7749e386cfe1fe812ae5db223ded"
  integrity sha1-Bupvg2ead0njhs/h/oEq5dsiPe0=

icss-utils@^4.0.0, icss-utils@^4.1.1:
  version "4.1.1"
  resolved "https://registry.npm.taobao.org/icss-utils/download/icss-utils-4.1.1.tgz#21170b53789ee27447c2f47dd683081403f9a467"
  integrity sha1-IRcLU3ie4nRHwvR91oMIFAP5pGc=
  dependencies:
    postcss "^7.0.14"

image-size@~0.5.0:
  version "0.5.5"
  resolved "https://registry.npm.taobao.org/image-size/download/image-size-0.5.5.tgz#09dfd4ab9d20e29eb1c3e80b8990378df9e3cb9c"
  integrity sha1-Cd/Uq50g4p6xw+gLiZA3jfnjy5w=

indexes-of@^1.0.1:
  version "1.0.1"
  resolved "https://registry.npm.taobao.org/indexes-of/download/indexes-of-1.0.1.tgz#f30f716c8e2bd346c7b67d3df3915566a7c05607"
  integrity sha1-8w9xbI4r00bHtn0985FVZqfAVgc=

is-core-module@^2.1.0:
  version "2.2.0"
  resolved "https://registry.npm.taobao.org/is-core-module/download/is-core-module-2.2.0.tgz?cache=0&sync_timestamp=1606411622542&other_urls=https%3A%2F%2Fregistry.npm.taobao.org%2Fis-core-module%2Fdownload%2Fis-core-module-2.2.0.tgz#97037ef3d52224d85163f5597b2b63d9afed981a"
  integrity sha1-lwN+89UiJNhRY/VZeytj2a/tmBo=
  dependencies:
    has "^1.0.3"

json5@^1.0.1:
  version "1.0.1"
  resolved "https://registry.npm.taobao.org/json5/download/json5-1.0.1.tgz#779fb0018604fa854eacbf6252180d83543e3dbe"
  integrity sha1-d5+wAYYE+oVOrL9iUhgNg1Q+Pb4=
  dependencies:
    minimist "^1.2.0"

less@^3.12.2:
  version "3.12.2"
  resolved "https://registry.npm.taobao.org/less/download/less-3.12.2.tgz?cache=0&sync_timestamp=1594915586681&other_urls=https%3A%2F%2Fregistry.npm.taobao.org%2Fless%2Fdownload%2Fless-3.12.2.tgz#157e6dd32a68869df8859314ad38e70211af3ab4"
  integrity sha1-FX5t0ypohp34hZMUrTjnAhGvOrQ=
  dependencies:
    tslib "^1.10.0"
  optionalDependencies:
    errno "^0.1.1"
    graceful-fs "^4.1.2"
    image-size "~0.5.0"
    make-dir "^2.1.0"
    mime "^1.4.1"
    native-request "^1.0.5"
    source-map "~0.6.0"

loader-utils@^1.1.0:
  version "1.4.0"
  resolved "https://registry.npm.taobao.org/loader-utils/download/loader-utils-1.4.0.tgz#c579b5e34cb34b1a74edc6c1fb36bfa371d5a613"
  integrity sha1-xXm140yzSxp07cbB+za/o3HVphM=
  dependencies:
    big.js "^5.2.2"
    emojis-list "^3.0.0"
    json5 "^1.0.1"

lodash.camelcase@^4.3.0:
  version "4.3.0"
  resolved "https://registry.npm.taobao.org/lodash.camelcase/download/lodash.camelcase-4.3.0.tgz#b28aa6288a2b9fc651035c7711f65ab6190331a6"
  integrity sha1-soqmKIorn8ZRA1x3EfZathkDMaY=

lodash@^4.17.19:
  version "4.17.19"
  resolved "https://registry.npm.taobao.org/lodash/download/lodash-4.17.19.tgz?cache=0&sync_timestamp=1594226931791&other_urls=https%3A%2F%2Fregistry.npm.taobao.org%2Flodash%2Fdownload%2Flodash-4.17.19.tgz#e48ddedbe30b3321783c5b4301fbd353bc1e4a4b"
  integrity sha1-5I3e2+MLMyF4PFtDAfvTU7weSks=

lru-cache@^5.1.1:
  version "5.1.1"
  resolved "https://registry.npm.taobao.org/lru-cache/download/lru-cache-5.1.1.tgz?cache=0&sync_timestamp=1594427582110&other_urls=https%3A%2F%2Fregistry.npm.taobao.org%2Flru-cache%2Fdownload%2Flru-cache-5.1.1.tgz#1da27e6710271947695daf6848e847f01d84b920"
  integrity sha1-HaJ+ZxAnGUdpXa9oSOhH8B2EuSA=
  dependencies:
    yallist "^3.0.2"

magic-string@^0.25.7:
  version "0.25.7"
  resolved "https://registry.npm.taobao.org/magic-string/download/magic-string-0.25.7.tgz#3f497d6fd34c669c6798dcb821f2ef31f5445051"
  integrity sha1-P0l9b9NMZpxnmNy4IfLvMfVEUFE=
  dependencies:
    sourcemap-codec "^1.4.4"

make-dir@^2.1.0:
  version "2.1.0"
  resolved "https://registry.npm.taobao.org/make-dir/download/make-dir-2.1.0.tgz#5f0310e18b8be898cc07009295a30ae41e91e6f5"
  integrity sha1-XwMQ4YuL6JjMBwCSlaMK5B6R5vU=
  dependencies:
    pify "^4.0.1"
    semver "^5.6.0"

merge-source-map@^1.1.0:
  version "1.1.0"
  resolved "https://registry.npm.taobao.org/merge-source-map/download/merge-source-map-1.1.0.tgz#2fdde7e6020939f70906a68f2d7ae685e4c8c646"
  integrity sha1-L93n5gIJOfcJBqaPLXrmheTIxkY=
  dependencies:
    source-map "^0.6.1"

mime@^1.4.1:
  version "1.6.0"
  resolved "https://registry.npm.taobao.org/mime/download/mime-1.6.0.tgz?cache=0&sync_timestamp=1590635592890&other_urls=https%3A%2F%2Fregistry.npm.taobao.org%2Fmime%2Fdownload%2Fmime-1.6.0.tgz#32cd9e5c64553bd58d19a568af452acff04981b1"
  integrity sha1-Ms2eXGRVO9WNGaVor0Uqz/BJgbE=

minimist@^1.2.0:
  version "1.2.5"
  resolved "https://registry.npm.taobao.org/minimist/download/minimist-1.2.5.tgz?cache=0&sync_timestamp=1589682820731&other_urls=https%3A%2F%2Fregistry.npm.taobao.org%2Fminimist%2Fdownload%2Fminimist-1.2.5.tgz#67d66014b66a6a8aaa0c083c5fd58df4e4e97602"
  integrity sha1-Z9ZgFLZqaoqqDAg8X9WN9OTpdgI=

nanoid@^3.1.20:
  version "3.1.20"
  resolved "https://registry.npm.taobao.org/nanoid/download/nanoid-3.1.20.tgz?cache=0&sync_timestamp=1606833958647&other_urls=https%3A%2F%2Fregistry.npm.taobao.org%2Fnanoid%2Fdownload%2Fnanoid-3.1.20.tgz#badc263c6b1dcf14b71efaa85f6ab4c1d6cfc788"
  integrity sha1-utwmPGsdzxS3HvqoX2q0wdbPx4g=

native-request@^1.0.5:
  version "1.0.7"
  resolved "https://registry.npm.taobao.org/native-request/download/native-request-1.0.7.tgz?cache=0&sync_timestamp=1595000106410&other_urls=https%3A%2F%2Fregistry.npm.taobao.org%2Fnative-request%2Fdownload%2Fnative-request-1.0.7.tgz#ff742dc555b4c8f2f1c14b548639ba174e573856"
  integrity sha1-/3QtxVW0yPLxwUtUhjm6F05XOFY=

path-parse@^1.0.6:
  version "1.0.6"
  resolved "https://registry.npm.taobao.org/path-parse/download/path-parse-1.0.6.tgz#d62dbb5679405d72c4737ec58600e9ddcf06d24c"
  integrity sha1-1i27VnlAXXLEc37FhgDp3c8G0kw=

pify@^4.0.1:
  version "4.0.1"
  resolved "https://registry.npm.taobao.org/pify/download/pify-4.0.1.tgz#4b2cd25c50d598735c50292224fd8c6df41e3231"
  integrity sha1-SyzSXFDVmHNcUCkiJP2MbfQeMjE=

postcss-modules-extract-imports@^2.0.0:
  version "2.0.0"
  resolved "https://registry.npm.taobao.org/postcss-modules-extract-imports/download/postcss-modules-extract-imports-2.0.0.tgz#818719a1ae1da325f9832446b01136eeb493cd7e"
  integrity sha1-gYcZoa4doyX5gyRGsBE27rSTzX4=
  dependencies:
    postcss "^7.0.5"

postcss-modules-local-by-default@^3.0.2:
  version "3.0.2"
  resolved "https://registry.npm.taobao.org/postcss-modules-local-by-default/download/postcss-modules-local-by-default-3.0.2.tgz#e8a6561be914aaf3c052876377524ca90dbb7915"
  integrity sha1-6KZWG+kUqvPAUodjd1JMqQ27eRU=
  dependencies:
    icss-utils "^4.1.1"
    postcss "^7.0.16"
    postcss-selector-parser "^6.0.2"
    postcss-value-parser "^4.0.0"

postcss-modules-scope@^2.2.0:
  version "2.2.0"
  resolved "https://registry.npm.taobao.org/postcss-modules-scope/download/postcss-modules-scope-2.2.0.tgz#385cae013cc7743f5a7d7602d1073a89eaae62ee"
  integrity sha1-OFyuATzHdD9afXYC0Qc6iequYu4=
  dependencies:
    postcss "^7.0.6"
    postcss-selector-parser "^6.0.0"

postcss-modules-values@^3.0.0:
  version "3.0.0"
  resolved "https://registry.npm.taobao.org/postcss-modules-values/download/postcss-modules-values-3.0.0.tgz#5b5000d6ebae29b4255301b4a3a54574423e7f10"
  integrity sha1-W1AA1uuuKbQlUwG0o6VFdEI+fxA=
  dependencies:
    icss-utils "^4.0.0"
    postcss "^7.0.6"

postcss-modules@^3.1.0:
  version "3.2.0"
  resolved "https://registry.npm.taobao.org/postcss-modules/download/postcss-modules-3.2.0.tgz?cache=0&sync_timestamp=1593589775045&other_urls=https%3A%2F%2Fregistry.npm.taobao.org%2Fpostcss-modules%2Fdownload%2Fpostcss-modules-3.2.0.tgz#1ca870d197cd09a7964253e12de2aac906c94256"
  integrity sha1-HKhw0ZfNCaeWQlPhLeKqyQbJQlY=
  dependencies:
    generic-names "^2.0.1"
    icss-replace-symbols "^1.1.0"
    lodash.camelcase "^4.3.0"
    postcss "^7.0.32"
    postcss-modules-extract-imports "^2.0.0"
    postcss-modules-local-by-default "^3.0.2"
    postcss-modules-scope "^2.2.0"
    postcss-modules-values "^3.0.0"
    string-hash "^1.1.1"

postcss-selector-parser@^6.0.0, postcss-selector-parser@^6.0.2:
  version "6.0.2"
  resolved "https://registry.npm.taobao.org/postcss-selector-parser/download/postcss-selector-parser-6.0.2.tgz#934cf799d016c83411859e09dcecade01286ec5c"
  integrity sha1-k0z3mdAWyDQRhZ4J3Oyt4BKG7Fw=
  dependencies:
    cssesc "^3.0.0"
    indexes-of "^1.0.1"
    uniq "^1.0.1"

postcss-value-parser@^4.0.0:
  version "4.1.0"
  resolved "https://registry.npm.taobao.org/postcss-value-parser/download/postcss-value-parser-4.1.0.tgz#443f6a20ced6481a2bda4fa8532a6e55d789a2cb"
  integrity sha1-RD9qIM7WSBor2k+oUypuVdeJoss=

postcss@^7.0.14, postcss@^7.0.16, postcss@^7.0.27, postcss@^7.0.32, postcss@^7.0.5, postcss@^7.0.6:
  version "7.0.32"
  resolved "https://registry.npm.taobao.org/postcss/download/postcss-7.0.32.tgz#4310d6ee347053da3433db2be492883d62cec59d"
  integrity sha1-QxDW7jRwU9o0M9sr5JKIPWLOxZ0=
  dependencies:
    chalk "^2.4.2"
    source-map "^0.6.1"
    supports-color "^6.1.0"

postcss@^8.2.1:
  version "8.2.4"
  resolved "https://registry.npm.taobao.org/postcss/download/postcss-8.2.4.tgz?cache=0&sync_timestamp=1610188234851&other_urls=https%3A%2F%2Fregistry.npm.taobao.org%2Fpostcss%2Fdownload%2Fpostcss-8.2.4.tgz#20a98a39cf303d15129c2865a9ec37eda0031d04"
  integrity sha1-IKmKOc8wPRUSnChlqew37aADHQQ=
  dependencies:
    colorette "^1.2.1"
    nanoid "^3.1.20"
    source-map "^0.6.1"

prr@~1.0.1:
  version "1.0.1"
  resolved "https://registry.npm.taobao.org/prr/download/prr-1.0.1.tgz#d3fc114ba06995a45ec6893f484ceb1d78f5f476"
  integrity sha1-0/wRS6BplaRexok/SEzrHXj19HY=

resolve@^1.19.0:
  version "1.19.0"
  resolved "https://registry.npm.taobao.org/resolve/download/resolve-1.19.0.tgz?cache=0&sync_timestamp=1605052120709&other_urls=https%3A%2F%2Fregistry.npm.taobao.org%2Fresolve%2Fdownload%2Fresolve-1.19.0.tgz#1af5bf630409734a067cae29318aac7fa29a267c"
  integrity sha1-GvW/YwQJc0oGfK4pMYqsf6KaJnw=
  dependencies:
    is-core-module "^2.1.0"
    path-parse "^1.0.6"

rollup@^2.35.1:
  version "2.37.1"
  resolved "https://registry.npm.taobao.org/rollup/download/rollup-2.37.1.tgz?cache=0&sync_timestamp=1611144512910&other_urls=https%3A%2F%2Fregistry.npm.taobao.org%2Frollup%2Fdownload%2Frollup-2.37.1.tgz#aa7aadffd75c80393f9314f9857e851b0ffd34e7"
  integrity sha1-qnqt/9dcgDk/kxT5hX6FGw/9NOc=
  optionalDependencies:
    fsevents "~2.1.2"

semver@^5.6.0:
  version "5.7.1"
  resolved "https://registry.npm.taobao.org/semver/download/semver-5.7.1.tgz?cache=0&sync_timestamp=1589682805026&other_urls=https%3A%2F%2Fregistry.npm.taobao.org%2Fsemver%2Fdownload%2Fsemver-5.7.1.tgz#a954f931aeba508d307bbf069eff0c01c96116f7"
  integrity sha1-qVT5Ma66UI0we78Gnv8MAclhFvc=

source-map@^0.6.1, source-map@~0.6.0:
  version "0.6.1"
  resolved "https://registry.npm.taobao.org/source-map/download/source-map-0.6.1.tgz?cache=0&sync_timestamp=1589682764497&other_urls=https%3A%2F%2Fregistry.npm.taobao.org%2Fsource-map%2Fdownload%2Fsource-map-0.6.1.tgz#74722af32e9614e9c287a8d0bbde48b5e2f1a263"
  integrity sha1-dHIq8y6WFOnCh6jQu95IteLxomM=

sourcemap-codec@^1.4.4:
  version "1.4.8"
  resolved "https://registry.npm.taobao.org/sourcemap-codec/download/sourcemap-codec-1.4.8.tgz#ea804bd94857402e6992d05a38ef1ae35a9ab4c4"
  integrity sha1-6oBL2UhXQC5pktBaOO8a41qatMQ=

string-hash@^1.1.1:
  version "1.1.3"
  resolved "https://registry.npm.taobao.org/string-hash/download/string-hash-1.1.3.tgz#e8aafc0ac1855b4666929ed7dd1275df5d6c811b"
  integrity sha1-6Kr8CsGFW0Zmkp7X3RJ1311sgRs=

supports-color@^5.3.0:
  version "5.5.0"
  resolved "https://registry.npm.taobao.org/supports-color/download/supports-color-5.5.0.tgz#e2e69a44ac8772f78a1ec0b35b689df6530efc8f"
  integrity sha1-4uaaRKyHcveKHsCzW2id9lMO/I8=
  dependencies:
    has-flag "^3.0.0"

supports-color@^6.1.0:
  version "6.1.0"
  resolved "https://registry.npm.taobao.org/supports-color/download/supports-color-6.1.0.tgz#0764abc69c63d5ac842dd4867e8d025e880df8f3"
  integrity sha1-B2Srxpxj1ayELdSGfo0CXogN+PM=
  dependencies:
    has-flag "^3.0.0"

to-fast-properties@^2.0.0:
  version "2.0.0"
  resolved "https://registry.npm.taobao.org/to-fast-properties/download/to-fast-properties-2.0.0.tgz#dc5e698cbd079265bc73e0377681a4e4e83f616e"
  integrity sha1-3F5pjL0HkmW8c+A3doGk5Og/YW4=

tslib@^1.10.0:
  version "1.13.0"
  resolved "https://registry.npm.taobao.org/tslib/download/tslib-1.13.0.tgz#c881e13cc7015894ed914862d276436fa9a47043"
  integrity sha1-yIHhPMcBWJTtkUhi0nZDb6mkcEM=

uniq@^1.0.1:
  version "1.0.1"
  resolved "https://registry.npm.taobao.org/uniq/download/uniq-1.0.1.tgz#b31c5ae8254844a3a8281541ce2b04b865a734ff"
  integrity sha1-sxxa6CVIRKOoKBVBzisEuGWnNP8=

vite@^2.0.0-beta.35:
  version "2.0.0-beta.35"
  resolved "https://registry.npm.taobao.org/vite/download/vite-2.0.0-beta.35.tgz#6c449b52ecadd5c6e8ddc002664668e4bfce79f5"
  integrity sha1-bESbUuyt1cbo3cACZkZo5L/OefU=
  dependencies:
    esbuild "^0.8.26"
    postcss "^8.2.1"
    resolve "^1.19.0"
    rollup "^2.35.1"
  optionalDependencies:
    fsevents "~2.1.2"

vue@^3.0.0-rc.5:
  version "3.0.0-rc.5"
  resolved "https://registry.npm.taobao.org/vue/download/vue-3.0.0-rc.5.tgz?cache=0&sync_timestamp=1595983987853&other_urls=https%3A%2F%2Fregistry.npm.taobao.org%2Fvue%2Fdownload%2Fvue-3.0.0-rc.5.tgz#973175d45a892b3bd23ef5de7faa4add9c66275f"
  integrity sha1-lzF11FqJKzvSPvXef6pK3ZxmJ18=
  dependencies:
    "@vue/compiler-dom" "3.0.0-rc.5"
    "@vue/runtime-dom" "3.0.0-rc.5"
    "@vue/shared" "3.0.0-rc.5"

yallist@^3.0.2:
  version "3.1.1"
  resolved "https://registry.npm.taobao.org/yallist/download/yallist-3.1.1.tgz#dbb7daf9bfd8bac9ab45ebf602b8cbad0d5d08fd"
  integrity sha1-27fa+b/YusmrRev2ArjLrQ1dCP0=
